
Microsoft Visual Studio Solution File, Format Version 12.00
# Visual Studio Version 17
VisualStudioVersion = 17.5.33502.453
MinimumVisualStudioVersion = 10.0.40219.1
Project("{8BC9CEB8-8B4A-11D0-8D11-00A0C91BC942}") = "staticmember_080", "staticmember_080\staticmember_080.vcxproj", "{9551B37E-B06A-4950-BEA9-7D487041188F}"
EndProject
Global
	GlobalSection(SolutionConfigurationPlatforms) = preSolution
		Debug|x64 = Debug|x64
		Debug|x86 = Debug|x86
		Release|x64 = Release|x64
		Release|x86 = Release|x86
	EndGlobalSection
	GlobalSection(ProjectConfigurationPlatforms) = postSolution
		{9551B37E-B06A-4950-BEA9-7D487041188F}.Debug|x64.ActiveCfg = Debug|x64
		{9551B37E-B06A-4950-BEA9-7D487041188F}.Debug|x64.Build.0 = Debug|x64
		{9551B37E-B06A-4950-BEA9-7D487041188F}.Debug|x86.ActiveCfg = Debug|Win32
		{9551B37E-B06A-4950-BEA9-7D487041188F}.Debug|x86.Build.0 = Debug|Win32
		{9551B37E-B06A-4950-BEA9-7D487041188F}.Release|x64.ActiveCfg = Release|x64
		{9551B37E-B06A-4950-BEA9-7D487041188F}.Release|x64.Build.0 = Release|x64
		{9551B37E-B06A-4950-BEA9-7D487041188F}.Release|x86.ActiveCfg = Release|Win32
		{9551B37E-B06A-4950-BEA9-7D487041188F}.Release|x86.Build.0 = Release|Win32
	EndGlobalSection
	GlobalSection(SolutionProperties) = preSolution
		HideSolutionNode = FALSE
	EndGlobalSection
	GlobalSection(ExtensibilityGlobals) = postSolution
		SolutionGuid = {5A7721D6-52BF-4D24-BF01-D457B1195235}
	EndGlobalSection
EndGlobal
